# THIS IS AN AUTOGENERATED FILE. DO NOT EDIT THIS FILE DIRECTLY.
# yarn lockfile v1


"re-template-tag@^2.0.1":
  "integrity" "sha512-TkxjSTkKDTKjSrflkkUDHd/2RDQuwoYPdrdNtTcDG0wD2EeT5FeeWe1QANwKe4BwOC5kN8a7QnvSAgSz7mRhwQ=="
  "resolved" "https://registry.npmjs.org/re-template-tag/-/re-template-tag-2.0.1.tgz"
  "version" "2.0.1"
